
Microsoft Visual Studio Solution File, Format Version 12.00
# Visual Studio 14
VisualStudioVersion = 14.0.25123.0
MinimumVisualStudioVersion = 10.0.40219.1
Project("{2150E333-8FDC-42A3-9474-1A3956D46DE8}") = "Repository", "Repository", "{4F8094B9-D811-46F4-86B1-F5D47B55D34B}"
EndProject
Project("{FAE04EC0-301F-11D3-BF4B-00C04F79EFBC}") = "DAL", "DAL\DAL.csproj", "{78A70A37-10A9-41BB-9F44-C2F44519E8AD}"
EndProject
Project("{FAE04EC0-301F-11D3-BF4B-00C04F79EFBC}") = "IDAL", "IDAL\IDAL.csproj", "{E1F084D3-06CF-4179-B467-637D4E711B73}"
EndProject
Project("{2150E333-8FDC-42A3-9474-1A3956D46DE8}") = "Model", "Model", "{306E9B54-0EA2-49AC-914A-C40A7223D615}"
EndProject
Project("{FAE04EC0-301F-11D3-BF4B-00C04F79EFBC}") = "Model", "Model\Model.csproj", "{FB0E6D6B-D92E-4C0F-AE23-62E47D48D6DF}"
EndProject
Project("{2150E333-8FDC-42A3-9474-1A3956D46DE8}") = "UI", "UI", "{1CC78B69-70CD-4487-9059-224C26431137}"
EndProject
Project("{FAE04EC0-301F-11D3-BF4B-00C04F79EFBC}") = "LeoProjectUI", "LeoProjectUI\LeoProjectUI.csproj", "{A823BFD8-955E-4DD0-9C31-FF949304C0A5}"
EndProject
Project("{2150E333-8FDC-42A3-9474-1A3956D46DE8}") = "Utility", "Utility", "{132E12CE-D128-4EE2-9B63-2C409968DDB2}"
EndProject
Project("{FAE04EC0-301F-11D3-BF4B-00C04F79EFBC}") = "UtilityClass", "UtilityClass\UtilityClass.csproj", "{500DA710-A9F7-4735-A979-FD7C28E2ED27}"
EndProject
Project("{FAE04EC0-301F-11D3-BF4B-00C04F79EFBC}") = "Utility", "Utility\Utility.csproj", "{3CC926D5-3310-4078-87E5-2C76ECA949B6}"
EndProject
Project("{FAE04EC0-301F-11D3-BF4B-00C04F79EFBC}") = "test", "test\test.csproj", "{4B52BE6D-5612-4B4B-B4D6-365EA0CD9153}"
EndProject
Project("{2150E333-8FDC-42A3-9474-1A3956D46DE8}") = "BLL", "BLL", "{9651C1FC-F7F0-46CF-9C2B-2F75064A1EA4}"
EndProject
Project("{FAE04EC0-301F-11D3-BF4B-00C04F79EFBC}") = "Security", "Security\Security.csproj", "{B53966A8-8C0E-4FEE-994D-4186A142F219}"
EndProject
Global
	GlobalSection(SolutionConfigurationPlatforms) = preSolution
		Debug|Any CPU = Debug|Any CPU
		Release|Any CPU = Release|Any CPU
	EndGlobalSection
	GlobalSection(ProjectConfigurationPlatforms) = postSolution
		{78A70A37-10A9-41BB-9F44-C2F44519E8AD}.Debug|Any CPU.ActiveCfg = Debug|Any CPU
		{78A70A37-10A9-41BB-9F44-C2F44519E8AD}.Debug|Any CPU.Build.0 = Debug|Any CPU
		{78A70A37-10A9-41BB-9F44-C2F44519E8AD}.Release|Any CPU.ActiveCfg = Release|Any CPU
		{78A70A37-10A9-41BB-9F44-C2F44519E8AD}.Release|Any CPU.Build.0 = Release|Any CPU
		{E1F084D3-06CF-4179-B467-637D4E711B73}.Debug|Any CPU.ActiveCfg = Debug|Any CPU
		{E1F084D3-06CF-4179-B467-637D4E711B73}.Debug|Any CPU.Build.0 = Debug|Any CPU
		{E1F084D3-06CF-4179-B467-637D4E711B73}.Release|Any CPU.ActiveCfg = Release|Any CPU
		{E1F084D3-06CF-4179-B467-637D4E711B73}.Release|Any CPU.Build.0 = Release|Any CPU
		{FB0E6D6B-D92E-4C0F-AE23-62E47D48D6DF}.Debug|Any CPU.ActiveCfg = Debug|Any CPU
		{FB0E6D6B-D92E-4C0F-AE23-62E47D48D6DF}.Debug|Any CPU.Build.0 = Debug|Any CPU
		{FB0E6D6B-D92E-4C0F-AE23-62E47D48D6DF}.Release|Any CPU.ActiveCfg = Release|Any CPU
		{FB0E6D6B-D92E-4C0F-AE23-62E47D48D6DF}.Release|Any CPU.Build.0 = Release|Any CPU
		{A823BFD8-955E-4DD0-9C31-FF949304C0A5}.Debug|Any CPU.ActiveCfg = Debug|Any CPU
		{A823BFD8-955E-4DD0-9C31-FF949304C0A5}.Debug|Any CPU.Build.0 = Debug|Any CPU
		{A823BFD8-955E-4DD0-9C31-FF949304C0A5}.Release|Any CPU.ActiveCfg = Release|Any CPU
		{A823BFD8-955E-4DD0-9C31-FF949304C0A5}.Release|Any CPU.Build.0 = Release|Any CPU
		{500DA710-A9F7-4735-A979-FD7C28E2ED27}.Debug|Any CPU.ActiveCfg = Debug|Any CPU
		{500DA710-A9F7-4735-A979-FD7C28E2ED27}.Debug|Any CPU.Build.0 = Debug|Any CPU
		{500DA710-A9F7-4735-A979-FD7C28E2ED27}.Release|Any CPU.ActiveCfg = Release|Any CPU
		{500DA710-A9F7-4735-A979-FD7C28E2ED27}.Release|Any CPU.Build.0 = Release|Any CPU
		{3CC926D5-3310-4078-87E5-2C76ECA949B6}.Debug|Any CPU.ActiveCfg = Debug|Any CPU
		{3CC926D5-3310-4078-87E5-2C76ECA949B6}.Debug|Any CPU.Build.0 = Debug|Any CPU
		{3CC926D5-3310-4078-87E5-2C76ECA949B6}.Release|Any CPU.ActiveCfg = Release|Any CPU
		{3CC926D5-3310-4078-87E5-2C76ECA949B6}.Release|Any CPU.Build.0 = Release|Any CPU
		{4B52BE6D-5612-4B4B-B4D6-365EA0CD9153}.Debug|Any CPU.ActiveCfg = Debug|Any CPU
		{4B52BE6D-5612-4B4B-B4D6-365EA0CD9153}.Debug|Any CPU.Build.0 = Debug|Any CPU
		{4B52BE6D-5612-4B4B-B4D6-365EA0CD9153}.Release|Any CPU.ActiveCfg = Release|Any CPU
		{4B52BE6D-5612-4B4B-B4D6-365EA0CD9153}.Release|Any CPU.Build.0 = Release|Any CPU
		{B53966A8-8C0E-4FEE-994D-4186A142F219}.Debug|Any CPU.ActiveCfg = Debug|Any CPU
		{B53966A8-8C0E-4FEE-994D-4186A142F219}.Debug|Any CPU.Build.0 = Debug|Any CPU
		{B53966A8-8C0E-4FEE-994D-4186A142F219}.Release|Any CPU.ActiveCfg = Release|Any CPU
		{B53966A8-8C0E-4FEE-994D-4186A142F219}.Release|Any CPU.Build.0 = Release|Any CPU
	EndGlobalSection
	GlobalSection(SolutionProperties) = preSolution
		HideSolutionNode = FALSE
	EndGlobalSection
	GlobalSection(NestedProjects) = preSolution
		{78A70A37-10A9-41BB-9F44-C2F44519E8AD} = {4F8094B9-D811-46F4-86B1-F5D47B55D34B}
		{E1F084D3-06CF-4179-B467-637D4E711B73} = {4F8094B9-D811-46F4-86B1-F5D47B55D34B}
		{FB0E6D6B-D92E-4C0F-AE23-62E47D48D6DF} = {306E9B54-0EA2-49AC-914A-C40A7223D615}
		{A823BFD8-955E-4DD0-9C31-FF949304C0A5} = {1CC78B69-70CD-4487-9059-224C26431137}
		{500DA710-A9F7-4735-A979-FD7C28E2ED27} = {132E12CE-D128-4EE2-9B63-2C409968DDB2}
		{3CC926D5-3310-4078-87E5-2C76ECA949B6} = {4F8094B9-D811-46F4-86B1-F5D47B55D34B}
		{4B52BE6D-5612-4B4B-B4D6-365EA0CD9153} = {132E12CE-D128-4EE2-9B63-2C409968DDB2}
		{B53966A8-8C0E-4FEE-994D-4186A142F219} = {9651C1FC-F7F0-46CF-9C2B-2F75064A1EA4}
	EndGlobalSection
EndGlobal
